Microsoft Visual Studio Solution File, Format Version 12.00
# Visual Studio Version 17
VisualStudioVersion = 17.5.2.0
MinimumVisualStudioVersion = 10.0.40219.1
Project("{2150E333-8FDC-42A3-9474-1A3956D46DE8}") = "src", "src", "{827E0CD3-B72D-47B6-A68D-7590B98EB39B}"
EndProject
Project("{2150E333-8FDC-42A3-9474-1A3956D46DE8}") = "tests", "tests", "{0AB3BF05-4346-4AA6-1389-037BE0695223}"
EndProject
Project("{FAE04EC0-301F-11D3-BF4B-00C04F79EFBC}") = "AuthApi.Authentication", "src\AuthApi.Authentication\AuthApi.Authentication.csproj", "{16EC19FD-598E-980F-6297-2D8368FDD83B}"
EndProject
Project("{FAE04EC0-301F-11D3-BF4B-00C04F79EFBC}") = "AuthApi.Example", "src\AuthApi.Example\AuthApi.Example.csproj", "{58816A7F-780F-84C3-3B4B-60865794C2E1}"
EndProject
Project("{FAE04EC0-301F-11D3-BF4B-00C04F79EFBC}") = "AuthApi.Authentication.Tests", "tests\AuthApi.Authentication.Tests\AuthApi.Authentication.Tests.csproj", "{F90F6B63-C2AD-B4DD-CCD7-2B3199E4ED34}"
EndProject
Global
	GlobalSection(SolutionConfigurationPlatforms) = preSolution
		Debug|Any CPU = Debug|Any CPU
		Release|Any CPU = Release|Any CPU
	EndGlobalSection
	GlobalSection(ProjectConfigurationPlatforms) = postSolution
		{16EC19FD-598E-980F-6297-2D8368FDD83B}.Debug|Any CPU.ActiveCfg = Debug|Any CPU
		{16EC19FD-598E-980F-6297-2D8368FDD83B}.Debug|Any CPU.Build.0 = Debug|Any CPU
		{16EC19FD-598E-980F-6297-2D8368FDD83B}.Release|Any CPU.ActiveCfg = Release|Any CPU
		{16EC19FD-598E-980F-6297-2D8368FDD83B}.Release|Any CPU.Build.0 = Release|Any CPU
		{58816A7F-780F-84C3-3B4B-60865794C2E1}.Debug|Any CPU.ActiveCfg = Debug|Any CPU
		{58816A7F-780F-84C3-3B4B-60865794C2E1}.Debug|Any CPU.Build.0 = Debug|Any CPU
		{58816A7F-780F-84C3-3B4B-60865794C2E1}.Release|Any CPU.ActiveCfg = Release|Any CPU
		{58816A7F-780F-84C3-3B4B-60865794C2E1}.Release|Any CPU.Build.0 = Release|Any CPU
		{F90F6B63-C2AD-B4DD-CCD7-2B3199E4ED34}.Debug|Any CPU.ActiveCfg = Debug|Any CPU
		{F90F6B63-C2AD-B4DD-CCD7-2B3199E4ED34}.Debug|Any CPU.Build.0 = Debug|Any CPU
		{F90F6B63-C2AD-B4DD-CCD7-2B3199E4ED34}.Release|Any CPU.ActiveCfg = Release|Any CPU
		{F90F6B63-C2AD-B4DD-CCD7-2B3199E4ED34}.Release|Any CPU.Build.0 = Release|Any CPU
	EndGlobalSection
	GlobalSection(SolutionProperties) = preSolution
		HideSolutionNode = FALSE
	EndGlobalSection
	GlobalSection(NestedProjects) = preSolution
		{16EC19FD-598E-980F-6297-2D8368FDD83B} = {827E0CD3-B72D-47B6-A68D-7590B98EB39B}
		{58816A7F-780F-84C3-3B4B-60865794C2E1} = {827E0CD3-B72D-47B6-A68D-7590B98EB39B}
		{F90F6B63-C2AD-B4DD-CCD7-2B3199E4ED34} = {0AB3BF05-4346-4AA6-1389-037BE0695223}
	EndGlobalSection
	GlobalSection(ExtensibilityGlobals) = postSolution
		SolutionGuid = {7C301B18-68ED-4541-B0C9-22B855DA91DC}
	EndGlobalSection
EndGlobal
